
Microsoft Visual Studio Solution File, Format Version 12.00
# Visual Studio Version 16
VisualStudioVersion = 16.0.29519.87
MinimumVisualStudioVersion = 10.0.40219.1
Project("{FAE04EC0-301F-11D3-BF4B-00C04F79EFBC}") = "TadoXamarinApp.UWP", "TadoXamarinApp\TadoXamarinApp.UWP\TadoXamarinApp.UWP.csproj", "{EE3D7B65-EF10-4A5E-B521-267600F7CAEA}"
EndProject
Project("{FAE04EC0-301F-11D3-BF4B-00C04F79EFBC}") = "TadoXamarinApp.Android", "TadoXamarinApp\TadoXamarinApp.Android\TadoXamarinApp.Android.csproj", "{F8D9FE26-D42A-4BD2-B6C6-5F715A6CE819}"
EndProject
Project("{FAE04EC0-301F-11D3-BF4B-00C04F79EFBC}") = "TadoXamarinApp.iOS", "TadoXamarinApp\TadoXamarinApp.iOS\TadoXamarinApp.iOS.csproj", "{B3949276-630E-499D-92D0-DCEEA43DAF46}"
EndProject
Project("{FAE04EC0-301F-11D3-BF4B-00C04F79EFBC}") = "TadoXamarinApp", "TadoXamarinApp\TadoXamarinApp\TadoXamarinApp.csproj", "{06380D8A-5E68-45E1-9CD2-7F9075524367}"
EndProject
Global
	GlobalSection(SolutionConfigurationPlatforms) = preSolution
		Debug|Any CPU = Debug|Any CPU
		Debug|ARM = Debug|ARM
		Debug|iPhone = Debug|iPhone
		Debug|iPhoneSimulator = Debug|iPhoneSimulator
		Debug|x64 = Debug|x64
		Debug|x86 = Debug|x86
		Release|Any CPU = Release|Any CPU
		Release|ARM = Release|ARM
		Release|iPhone = Release|iPhone
		Release|iPhoneSimulator = Release|iPhoneSimulator
		Release|x64 = Release|x64
		Release|x86 = Release|x86
	EndGlobalSection
	GlobalSection(ProjectConfigurationPlatforms) = postSolution
		{EE3D7B65-EF10-4A5E-B521-267600F7CAEA}.Debug|Any CPU.ActiveCfg = Debug|x86
		{EE3D7B65-EF10-4A5E-B521-267600F7CAEA}.Debug|Any CPU.Build.0 = Debug|x86
		{EE3D7B65-EF10-4A5E-B521-267600F7CAEA}.Debug|Any CPU.Deploy.0 = Debug|x86
		{EE3D7B65-EF10-4A5E-B521-267600F7CAEA}.Debug|ARM.ActiveCfg = Debug|ARM
		{EE3D7B65-EF10-4A5E-B521-267600F7CAEA}.Debug|ARM.Build.0 = Debug|ARM
		{EE3D7B65-EF10-4A5E-B521-267600F7CAEA}.Debug|ARM.Deploy.0 = Debug|ARM
		{EE3D7B65-EF10-4A5E-B521-267600F7CAEA}.Debug|iPhone.ActiveCfg = Debug|x86
		{EE3D7B65-EF10-4A5E-B521-267600F7CAEA}.Debug|iPhone.Build.0 = Debug|x86
		{EE3D7B65-EF10-4A5E-B521-267600F7CAEA}.Debug|iPhone.Deploy.0 = Debug|x86
		{EE3D7B65-EF10-4A5E-B521-267600F7CAEA}.Debug|iPhoneSimulator.ActiveCfg = Debug|x86
		{EE3D7B65-EF10-4A5E-B521-267600F7CAEA}.Debug|iPhoneSimulator.Build.0 = Debug|x86
		{EE3D7B65-EF10-4A5E-B521-267600F7CAEA}.Debug|iPhoneSimulator.Deploy.0 = Debug|x86
		{EE3D7B65-EF10-4A5E-B521-267600F7CAEA}.Debug|x64.ActiveCfg = Debug|x64
		{EE3D7B65-EF10-4A5E-B521-267600F7CAEA}.Debug|x64.Build.0 = Debug|x64
		{EE3D7B65-EF10-4A5E-B521-267600F7CAEA}.Debug|x64.Deploy.0 = Debug|x64
		{EE3D7B65-EF10-4A5E-B521-267600F7CAEA}.Debug|x86.ActiveCfg = Debug|x86
		{EE3D7B65-EF10-4A5E-B521-267600F7CAEA}.Debug|x86.Build.0 = Debug|x86
		{EE3D7B65-EF10-4A5E-B521-267600F7CAEA}.Debug|x86.Deploy.0 = Debug|x86
		{EE3D7B65-EF10-4A5E-B521-267600F7CAEA}.Release|Any CPU.ActiveCfg = Release|x86
		{EE3D7B65-EF10-4A5E-B521-267600F7CAEA}.Release|Any CPU.Build.0 = Release|x86
		{EE3D7B65-EF10-4A5E-B521-267600F7CAEA}.Release|Any CPU.Deploy.0 = Release|x86
		{EE3D7B65-EF10-4A5E-B521-267600F7CAEA}.Release|ARM.ActiveCfg = Release|ARM
		{EE3D7B65-EF10-4A5E-B521-267600F7CAEA}.Release|ARM.Build.0 = Release|ARM
		{EE3D7B65-EF10-4A5E-B521-267600F7CAEA}.Release|ARM.Deploy.0 = Release|ARM
		{EE3D7B65-EF10-4A5E-B521-267600F7CAEA}.Release|iPhone.ActiveCfg = Release|x86
		{EE3D7B65-EF10-4A5E-B521-267600F7CAEA}.Release|iPhone.Build.0 = Release|x86
		{EE3D7B65-EF10-4A5E-B521-267600F7CAEA}.Release|iPhone.Deploy.0 = Release|x86
		{EE3D7B65-EF10-4A5E-B521-267600F7CAEA}.Release|iPhoneSimulator.ActiveCfg = Release|x86
		{EE3D7B65-EF10-4A5E-B521-267600F7CAEA}.Release|iPhoneSimulator.Build.0 = Release|x86
		{EE3D7B65-EF10-4A5E-B521-267600F7CAEA}.Release|iPhoneSimulator.Deploy.0 = Release|x86
		{EE3D7B65-EF10-4A5E-B521-267600F7CAEA}.Release|x64.ActiveCfg = Release|x64
		{EE3D7B65-EF10-4A5E-B521-267600F7CAEA}.Release|x64.Build.0 = Release|x64
		{EE3D7B65-EF10-4A5E-B521-267600F7CAEA}.Release|x64.Deploy.0 = Release|x64
		{EE3D7B65-EF10-4A5E-B521-267600F7CAEA}.Release|x86.ActiveCfg = Release|x86
		{EE3D7B65-EF10-4A5E-B521-267600F7CAEA}.Release|x86.Build.0 = Release|x86
		{EE3D7B65-EF10-4A5E-B521-267600F7CAEA}.Release|x86.Deploy.0 = Release|x86
		{F8D9FE26-D42A-4BD2-B6C6-5F715A6CE819}.Debug|Any CPU.ActiveCfg = Debug|Any CPU
		{F8D9FE26-D42A-4BD2-B6C6-5F715A6CE819}.Debug|Any CPU.Build.0 = Debug|Any CPU
		{F8D9FE26-D42A-4BD2-B6C6-5F715A6CE819}.Debug|Any CPU.Deploy.0 = Debug|Any CPU
		{F8D9FE26-D42A-4BD2-B6C6-5F715A6CE819}.Debug|ARM.ActiveCfg = Debug|Any CPU
		{F8D9FE26-D42A-4BD2-B6C6-5F715A6CE819}.Debug|ARM.Build.0 = Debug|Any CPU
		{F8D9FE26-D42A-4BD2-B6C6-5F715A6CE819}.Debug|ARM.Deploy.0 = Debug|Any CPU
		{F8D9FE26-D42A-4BD2-B6C6-5F715A6CE819}.Debug|iPhone.ActiveCfg = Debug|Any CPU
		{F8D9FE26-D42A-4BD2-B6C6-5F715A6CE819}.Debug|iPhone.Build.0 = Debug|Any CPU
		{F8D9FE26-D42A-4BD2-B6C6-5F715A6CE819}.Debug|iPhone.Deploy.0 = Debug|Any CPU
		{F8D9FE26-D42A-4BD2-B6C6-5F715A6CE819}.Debug|iPhoneSimulator.ActiveCfg = Debug|Any CPU
		{F8D9FE26-D42A-4BD2-B6C6-5F715A6CE819}.Debug|iPhoneSimulator.Build.0 = Debug|Any CPU
		{F8D9FE26-D42A-4BD2-B6C6-5F715A6CE819}.Debug|iPhoneSimulator.Deploy.0 = Debug|Any CPU
		{F8D9FE26-D42A-4BD2-B6C6-5F715A6CE819}.Debug|x64.ActiveCfg = Debug|Any CPU
		{F8D9FE26-D42A-4BD2-B6C6-5F715A6CE819}.Debug|x64.Build.0 = Debug|Any CPU
		{F8D9FE26-D42A-4BD2-B6C6-5F715A6CE819}.Debug|x64.Deploy.0 = Debug|Any CPU
		{F8D9FE26-D42A-4BD2-B6C6-5F715A6CE819}.Debug|x86.ActiveCfg = Debug|Any CPU
		{F8D9FE26-D42A-4BD2-B6C6-5F715A6CE819}.Debug|x86.Build.0 = Debug|Any CPU
		{F8D9FE26-D42A-4BD2-B6C6-5F715A6CE819}.Debug|x86.Deploy.0 = Debug|Any CPU
		{F8D9FE26-D42A-4BD2-B6C6-5F715A6CE819}.Release|Any CPU.ActiveCfg = Release|Any CPU
		{F8D9FE26-D42A-4BD2-B6C6-5F715A6CE819}.Release|Any CPU.Build.0 = Release|Any CPU
		{F8D9FE26-D42A-4BD2-B6C6-5F715A6CE819}.Release|Any CPU.Deploy.0 = Release|Any CPU
		{F8D9FE26-D42A-4BD2-B6C6-5F715A6CE819}.Release|ARM.ActiveCfg = Release|Any CPU
		{F8D9FE26-D42A-4BD2-B6C6-5F715A6CE819}.Release|ARM.Build.0 = Release|Any CPU
		{F8D9FE26-D42A-4BD2-B6C6-5F715A6CE819}.Release|ARM.Deploy.0 = Release|Any CPU
		{F8D9FE26-D42A-4BD2-B6C6-5F715A6CE819}.Release|iPhone.ActiveCfg = Release|Any CPU
		{F8D9FE26-D42A-4BD2-B6C6-5F715A6CE819}.Release|iPhone.Build.0 = Release|Any CPU
		{F8D9FE26-D42A-4BD2-B6C6-5F715A6CE819}.Release|iPhone.Deploy.0 = Release|Any CPU
		{F8D9FE26-D42A-4BD2-B6C6-5F715A6CE819}.Release|iPhoneSimulator.ActiveCfg = Release|Any CPU
		{F8D9FE26-D42A-4BD2-B6C6-5F715A6CE819}.Release|iPhoneSimulator.Build.0 = Release|Any CPU
		{F8D9FE26-D42A-4BD2-B6C6-5F715A6CE819}.Release|iPhoneSimulator.Deploy.0 = Release|Any CPU
		{F8D9FE26-D42A-4BD2-B6C6-5F715A6CE819}.Release|x64.ActiveCfg = Release|Any CPU
		{F8D9FE26-D42A-4BD2-B6C6-5F715A6CE819}.Release|x64.Build.0 = Release|Any CPU
		{F8D9FE26-D42A-4BD2-B6C6-5F715A6CE819}.Release|x64.Deploy.0 = Release|Any CPU
		{F8D9FE26-D42A-4BD2-B6C6-5F715A6CE819}.Release|x86.ActiveCfg = Release|Any CPU
		{F8D9FE26-D42A-4BD2-B6C6-5F715A6CE819}.Release|x86.Build.0 = Release|Any CPU
		{F8D9FE26-D42A-4BD2-B6C6-5F715A6CE819}.Release|x86.Deploy.0 = Release|Any CPU
		{B3949276-630E-499D-92D0-DCEEA43DAF46}.Debug|Any CPU.ActiveCfg = Debug|iPhone
		{B3949276-630E-499D-92D0-DCEEA43DAF46}.Debug|Any CPU.Build.0 = Debug|iPhone
		{B3949276-630E-499D-92D0-DCEEA43DAF46}.Debug|Any CPU.Deploy.0 = Debug|iPhone
		{B3949276-630E-499D-92D0-DCEEA43DAF46}.Debug|ARM.ActiveCfg = Debug|iPhoneSimulator
		{B3949276-630E-499D-92D0-DCEEA43DAF46}.Debug|ARM.Build.0 = Debug|iPhoneSimulator
		{B3949276-630E-499D-92D0-DCEEA43DAF46}.Debug|ARM.Deploy.0 = Debug|iPhoneSimulator
		{B3949276-630E-499D-92D0-DCEEA43DAF46}.Debug|iPhone.ActiveCfg = Debug|iPhone
		{B3949276-630E-499D-92D0-DCEEA43DAF46}.Debug|iPhone.Build.0 = Debug|iPhone
		{B3949276-630E-499D-92D0-DCEEA43DAF46}.Debug|iPhone.Deploy.0 = Debug|iPhone
		{B3949276-630E-499D-92D0-DCEEA43DAF46}.Debug|iPhoneSimulator.ActiveCfg = Debug|iPhoneSimulator
		{B3949276-630E-499D-92D0-DCEEA43DAF46}.Debug|iPhoneSimulator.Build.0 = Debug|iPhoneSimulator
		{B3949276-630E-499D-92D0-DCEEA43DAF46}.Debug|iPhoneSimulator.Deploy.0 = Debug|iPhoneSimulator
		{B3949276-630E-499D-92D0-DCEEA43DAF46}.Debug|x64.ActiveCfg = Debug|iPhone
		{B3949276-630E-499D-92D0-DCEEA43DAF46}.Debug|x64.Build.0 = Debug|iPhone
		{B3949276-630E-499D-92D0-DCEEA43DAF46}.Debug|x64.Deploy.0 = Debug|iPhone
		{B3949276-630E-499D-92D0-DCEEA43DAF46}.Debug|x86.ActiveCfg = Debug|iPhone
		{B3949276-630E-499D-92D0-DCEEA43DAF46}.Debug|x86.Build.0 = Debug|iPhone
		{B3949276-630E-499D-92D0-DCEEA43DAF46}.Debug|x86.Deploy.0 = Debug|iPhone
		{B3949276-630E-499D-92D0-DCEEA43DAF46}.Release|Any CPU.ActiveCfg = Release|iPhone
		{B3949276-630E-499D-92D0-DCEEA43DAF46}.Release|Any CPU.Build.0 = Release|iPhone
		{B3949276-630E-499D-92D0-DCEEA43DAF46}.Release|Any CPU.Deploy.0 = Release|iPhone
		{B3949276-630E-499D-92D0-DCEEA43DAF46}.Release|ARM.ActiveCfg = Release|iPhone
		{B3949276-630E-499D-92D0-DCEEA43DAF46}.Release|ARM.Build.0 = Release|iPhone
		{B3949276-630E-499D-92D0-DCEEA43DAF46}.Release|ARM.Deploy.0 = Release|iPhone
		{B3949276-630E-499D-92D0-DCEEA43DAF46}.Release|iPhone.ActiveCfg = Release|iPhone
		{B3949276-630E-499D-92D0-DCEEA43DAF46}.Release|iPhone.Build.0 = Release|iPhone
		{B3949276-630E-499D-92D0-DCEEA43DAF46}.Release|iPhone.Deploy.0 = Release|iPhone
		{B3949276-630E-499D-92D0-DCEEA43DAF46}.Release|iPhoneSimulator.ActiveCfg = Release|iPhoneSimulator
		{B3949276-630E-499D-92D0-DCEEA43DAF46}.Release|iPhoneSimulator.Build.0 = Release|iPhoneSimulator
		{B3949276-630E-499D-92D0-DCEEA43DAF46}.Release|iPhoneSimulator.Deploy.0 = Release|iPhoneSimulator
		{B3949276-630E-499D-92D0-DCEEA43DAF46}.Release|x64.ActiveCfg = Release|iPhone
		{B3949276-630E-499D-92D0-DCEEA43DAF46}.Release|x64.Build.0 = Release|iPhone
		{B3949276-630E-499D-92D0-DCEEA43DAF46}.Release|x64.Deploy.0 = Release|iPhone
		{B3949276-630E-499D-92D0-DCEEA43DAF46}.Release|x86.ActiveCfg = Release|iPhone
		{B3949276-630E-499D-92D0-DCEEA43DAF46}.Release|x86.Build.0 = Release|iPhone
		{B3949276-630E-499D-92D0-DCEEA43DAF46}.Release|x86.Deploy.0 = Release|iPhone
		{06380D8A-5E68-45E1-9CD2-7F9075524367}.Debug|Any CPU.ActiveCfg = Debug|Any CPU
		{06380D8A-5E68-45E1-9CD2-7F9075524367}.Debug|Any CPU.Build.0 = Debug|Any CPU
		{06380D8A-5E68-45E1-9CD2-7F9075524367}.Debug|Any CPU.Deploy.0 = Debug|Any CPU
		{06380D8A-5E68-45E1-9CD2-7F9075524367}.Debug|ARM.ActiveCfg = Debug|Any CPU
		{06380D8A-5E68-45E1-9CD2-7F9075524367}.Debug|ARM.Build.0 = Debug|Any CPU
		{06380D8A-5E68-45E1-9CD2-7F9075524367}.Debug|ARM.Deploy.0 = Debug|Any CPU
		{06380D8A-5E68-45E1-9CD2-7F9075524367}.Debug|iPhone.ActiveCfg = Debug|Any CPU
		{06380D8A-5E68-45E1-9CD2-7F9075524367}.Debug|iPhone.Build.0 = Debug|Any CPU
		{06380D8A-5E68-45E1-9CD2-7F9075524367}.Debug|iPhone.Deploy.0 = Debug|Any CPU
		{06380D8A-5E68-45E1-9CD2-7F9075524367}.Debug|iPhoneSimulator.ActiveCfg = Debug|Any CPU
		{06380D8A-5E68-45E1-9CD2-7F9075524367}.Debug|iPhoneSimulator.Build.0 = Debug|Any CPU
		{06380D8A-5E68-45E1-9CD2-7F9075524367}.Debug|iPhoneSimulator.Deploy.0 = Debug|Any CPU
		{06380D8A-5E68-45E1-9CD2-7F9075524367}.Debug|x64.ActiveCfg = Debug|Any CPU
		{06380D8A-5E68-45E1-9CD2-7F9075524367}.Debug|x64.Build.0 = Debug|Any CPU
		{06380D8A-5E68-45E1-9CD2-7F9075524367}.Debug|x64.Deploy.0 = Debug|Any CPU
		{06380D8A-5E68-45E1-9CD2-7F9075524367}.Debug|x86.ActiveCfg = Debug|Any CPU
		{06380D8A-5E68-45E1-9CD2-7F9075524367}.Debug|x86.Build.0 = Debug|Any CPU
		{06380D8A-5E68-45E1-9CD2-7F9075524367}.Debug|x86.Deploy.0 = Debug|Any CPU
		{06380D8A-5E68-45E1-9CD2-7F9075524367}.Release|Any CPU.ActiveCfg = Release|Any CPU
		{06380D8A-5E68-45E1-9CD2-7F9075524367}.Release|Any CPU.Build.0 = Release|Any CPU
		{06380D8A-5E68-45E1-9CD2-7F9075524367}.Release|Any CPU.Deploy.0 = Release|Any CPU
		{06380D8A-5E68-45E1-9CD2-7F9075524367}.Release|ARM.ActiveCfg = Release|Any CPU
		{06380D8A-5E68-45E1-9CD2-7F9075524367}.Release|ARM.Build.0 = Release|Any CPU
		{06380D8A-5E68-45E1-9CD2-7F9075524367}.Release|ARM.Deploy.0 = Release|Any CPU
		{06380D8A-5E68-45E1-9CD2-7F9075524367}.Release|iPhone.ActiveCfg = Release|Any CPU
		{06380D8A-5E68-45E1-9CD2-7F9075524367}.Release|iPhone.Build.0 = Release|Any CPU
		{06380D8A-5E68-45E1-9CD2-7F9075524367}.Release|iPhone.Deploy.0 = Release|Any CPU
		{06380D8A-5E68-45E1-9CD2-7F9075524367}.Release|iPhoneSimulator.ActiveCfg = Release|Any CPU
		{06380D8A-5E68-45E1-9CD2-7F9075524367}.Release|iPhoneSimulator.Build.0 = Release|Any CPU
		{06380D8A-5E68-45E1-9CD2-7F9075524367}.Release|iPhoneSimulator.Deploy.0 = Release|Any CPU
		{06380D8A-5E68-45E1-9CD2-7F9075524367}.Release|x64.ActiveCfg = Release|Any CPU
		{06380D8A-5E68-45E1-9CD2-7F9075524367}.Release|x64.Build.0 = Release|Any CPU
		{06380D8A-5E68-45E1-9CD2-7F9075524367}.Release|x64.Deploy.0 = Release|Any CPU
		{06380D8A-5E68-45E1-9CD2-7F9075524367}.Release|x86.ActiveCfg = Release|Any CPU
		{06380D8A-5E68-45E1-9CD2-7F9075524367}.Release|x86.Build.0 = Release|Any CPU
		{06380D8A-5E68-45E1-9CD2-7F9075524367}.Release|x86.Deploy.0 = Release|Any CPU
	EndGlobalSection
	GlobalSection(SolutionProperties) = preSolution
		HideSolutionNode = FALSE
	EndGlobalSection
	GlobalSection(ExtensibilityGlobals) = postSolution
		SolutionGuid = {680A94D6-1E18-4BD5-8F26-24239A238F18}
	EndGlobalSection
EndGlobal
